
Microsoft Visual Studio Solution File, Format Version 12.00
# Visual Studio Version 17
VisualStudioVersion = 17.13.35919.96 d17.13
MinimumVisualStudioVersion = 10.0.40219.1
Project("{FAE04EC0-301F-11D3-BF4B-00C04F79EFBC}") = "Assignment_1.1.1", "Assignment_1.1.1.csproj", "{6A76821E-9AD8-4CE2-A0C4-A2FACA393A4A}"
EndProject
Global
	GlobalSection(SolutionConfigurationPlatforms) = preSolution
		Debug|Any CPU = Debug|Any CPU
		Release|Any CPU = Release|Any CPU
	EndGlobalSection
	GlobalSection(ProjectConfigurationPlatforms) = postSolution
		{6A76821E-9AD8-4CE2-A0C4-A2FACA393A4A}.Debug|Any CPU.ActiveCfg = Debug|Any CPU
		{6A76821E-9AD8-4CE2-A0C4-A2FACA393A4A}.Debug|Any CPU.Build.0 = Debug|Any CPU
		{6A76821E-9AD8-4CE2-A0C4-A2FACA393A4A}.Release|Any CPU.ActiveCfg = Release|Any CPU
		{6A76821E-9AD8-4CE2-A0C4-A2FACA393A4A}.Release|Any CPU.Build.0 = Release|Any CPU
	EndGlobalSection
	GlobalSection(SolutionProperties) = preSolution
		HideSolutionNode = FALSE
	EndGlobalSection
	GlobalSection(ExtensibilityGlobals) = postSolution
		SolutionGuid = {04202D1D-F174-455A-8B81-D4971C0A962A}
	EndGlobalSection
EndGlobal
